# @generated by Move, please check-in and do not edit manually.

[move]
version = 2
manifest_digest = "B2966D95F2496D4F9706EA476F62161CB7A02423A08DD586950F404A3B00F4F6"
deps_digest = "F9B494B64F0615AED0E98FC12A85B85ECD2BC5185C22D30E7F67786BB52E507C"
dependencies = [
  { name = "MessageTransmitter" },
  { name = "Sui" },
  { name = "TokenMessengerMinter" },
  { name = "Wormhole" },
]

[[move.package]]
name = "MessageTransmitter"
source = { git = "https://github.com/circlefin/sui-cctp-private.git", rev = "ca23fd4e2074ef1b11d017a67d5ada8a7c4b082f", subdir = "packages/message_transmitter" }

dependencies = [
  { name = "Sui" },
  { name = "sui_extensions" },
]

[[move.package]]
name = "MoveStdlib"
source = { git = "https://github.com/MystenLabs/sui.git", rev = "a4185da5659d8d299d34e1bb2515ff1f7e32a20a", subdir = "crates/sui-framework/packages/move-stdlib" }

[[move.package]]
name = "Sui"
source = { git = "https://github.com/MystenLabs/sui.git", rev = "a4185da5659d8d299d34e1bb2515ff1f7e32a20a", subdir = "crates/sui-framework/packages/sui-framework" }

dependencies = [
  { name = "MoveStdlib" },
]

[[move.package]]
name = "TokenMessengerMinter"
source = { git = "https://github.com/circlefin/sui-cctp-private.git", rev = "ca23fd4e2074ef1b11d017a67d5ada8a7c4b082f", subdir = "packages/token_messenger_minter" }

dependencies = [
  { name = "MessageTransmitter" },
  { name = "Sui" },
  { name = "stablecoin" },
  { name = "sui_extensions" },
]

[[move.package]]
name = "Wormhole"
source = { git = "https://github.com/wormhole-foundation/wormhole.git", rev = "sui/mainnet", subdir = "sui/wormhole" }

dependencies = [
  { name = "Sui" },
]

[[move.package]]
name = "stablecoin"
source = { git = "https://github.com/circlefin/stablecoin-sui.git", rev = "8aca6be", subdir = "packages/stablecoin" }

dependencies = [
  { name = "Sui" },
  { name = "sui_extensions" },
]

[[move.package]]
name = "sui_extensions"
source = { git = "https://github.com/circlefin/stablecoin-sui.git", rev = "8aca6be", subdir = "packages/sui_extensions" }

dependencies = [
  { name = "Sui" },
]

[move.toolchain-version]
compiler-version = "1.30.1"
edition = "2024.beta"
flavor = "sui"
